
Microsoft Visual Studio Solution File, Format Version 12.00
# Visual Studio 15
VisualStudioVersion = 15.0.28010.2003
MinimumVisualStudioVersion = 10.0.40219.1
Project("{FAE04EC0-301F-11D3-BF4B-00C04F79EFBC}") = "APA_DebugAssistant", "APA_DebugAssistant\APA_DebugAssistant.csproj", "{E3EF7858-5A98-4C31-ADCA-3D4A0CF59783}"
EndProject
Global
	GlobalSection(SolutionConfigurationPlatforms) = preSolution
		Debug|Any CPU = Debug|Any CPU
		Release|Any CPU = Release|Any CPU
	EndGlobalSection
	GlobalSection(ProjectConfigurationPlatforms) = postSolution
		{E3EF7858-5A98-4C31-ADCA-3D4A0CF59783}.Debug|Any CPU.ActiveCfg = Debug|Any CPU
		{E3EF7858-5A98-4C31-ADCA-3D4A0CF59783}.Debug|Any CPU.Build.0 = Debug|Any CPU
		{E3EF7858-5A98-4C31-ADCA-3D4A0CF59783}.Release|Any CPU.ActiveCfg = Release|Any CPU
		{E3EF7858-5A98-4C31-ADCA-3D4A0CF59783}.Release|Any CPU.Build.0 = Release|Any CPU
	EndGlobalSection
	GlobalSection(SolutionProperties) = preSolution
		HideSolutionNode = FALSE
	EndGlobalSection
	GlobalSection(ExtensibilityGlobals) = postSolution
		SolutionGuid = {B474FCB4-6307-4CD5-B930-7E7ED3A57FF4}
	EndGlobalSection
EndGlobal
